// !$*UTF8*$!
{
	archiveVersion = 1;
	classes = {
	};
	objectVersion = 46;
	objects = {

/* Begin PBXBuildFile section */
		17A225601E883C9600FD3982 /* AppDelegate.swift in Sources */ = {isa = PBXBuildFile; fileRef = 17A2255F1E883C9600FD3982 /* AppDelegate.swift */; };
		17A225621E883C9600FD3982 /* GameScene.sks in Resources */ = {isa = PBXBuildFile; fileRef = 17A225611E883C9600FD3982 /* GameScene.sks */; };
		17A225641E883C9600FD3982 /* Actions.sks in Resources */ = {isa = PBXBuildFile; fileRef = 17A225631E883C9600FD3982 /* Actions.sks */; };
		17A225661E883C9600FD3982 /* GameScene.swift in Sources */ = {isa = PBXBuildFile; fileRef = 17A225651E883C9600FD3982 /* GameScene.swift */; };
		17A225681E883C9600FD3982 /* GameViewController.swift in Sources */ = {isa = PBXBuildFile; fileRef = 17A225671E883C9600FD3982 /* GameViewController.swift */; };
		17A2256B1E883C9600FD3982 /* Main.storyboard in Resources */ = {isa = PBXBuildFile; fileRef = 17A225691E883C9600FD3982 /* Main.storyboard */; };
		17A2256D1E883C9600FD3982 /* Assets.xcassets in Resources */ = {isa = PBXBuildFile; fileRef = 17A2256C1E883C9600FD3982 /* Assets.xcassets */; };
		17A225701E883C9600FD3982 /* LaunchScreen.storyboard in Resources */ = {isa = PBXBuildFile; fileRef = 17A2256E1E883C9600FD3982 /* LaunchScreen.storyboard */; };
		17A2257B1E883C9700FD3982 /* testTests.swift in Sources */ = {isa = PBXBuildFile; fileRef = 17A2257A1E883C9700FD3982 /* testTests.swift */; };
		17A225861E883C9700FD3982 /* testUITests.swift in Sources */ = {isa = PBXBuildFile; fileRef = 17A225851E883C9700FD3982 /* testUITests.swift */; };
/* End PBXBuildFile section */

/* Begin PBXContainerItemProxy section */
		17A225771E883C9700FD3982 /* PBXContainerItemProxy */ = {
			isa = PBXContainerItemProxy;
			containerPortal = 17A225541E883C9600FD3982 /* Project object */;
			proxyType = 1;
			remoteGlobalIDString = 17A2255B1E883C9600FD3982;
			remoteInfo = test;
		};
		17A225821E883C9700FD3982 /* PBXContainerItemProxy */ = {
			isa = PBXContainerItemProxy;
			containerPortal = 17A225541E883C9600FD3982 /* Project object */;
			proxyType = 1;
			remoteGlobalIDString = 17A2255B1E883C9600FD3982;
			remoteInfo = test;
		};
/* End PBXContainerItemProxy section */

/* Begin PBXFileReference section */
		17A2255C1E883C9600FD3982 /* test.app */ = {isa = PBXFileReference; explicitFileType = wrapper.application; includeInIndex = 0; path = test.app; sourceTree = BUILT_PRODUCTS_DIR; };
		17A2255F1E883C9600FD3982 /* AppDelegate.swift */ = {isa = PBXFileReference; lastKnownFileType = sourcecode.swift; path = AppDelegate.swift; sourceTree = "<group>"; };
		17A225611E883C9600FD3982 /* GameScene.sks */ = {isa = PBXFileReference; lastKnownFileType = file.sks; path = GameScene.sks; sourceTree = "<group>"; };
		17A225631E883C9600FD3982 /* Actions.sks */ = {isa = PBXFileReference; lastKnownFileType = file.sks; path = Actions.sks; sourceTree = "<group>"; };
		17A225651E883C9600FD3982 /* GameScene.swift */ = {isa = PBXFileReference; lastKnownFileType = sourcecode.swift; path = GameScene.swift; sourceTree = "<group>"; };
		17A225671E883C9600FD3982 /* GameViewController.swift */ = {isa = PBXFileReference; lastKnownFileType = sourcecode.swift; path = GameViewController.swift; sourceTree = "<group>"; };
		17A2256A1E883C9600FD3982 /* Base */ = {isa = PBXFileReference; lastKnownFileType = file.storyboard; name = Base; path = Base.lproj/Main.storyboard; sourceTree = "<group>"; };
		17A2256C1E883C9600FD3982 /* Assets.xcassets */ = {isa = PBXFileReference; lastKnownFileType = folder.assetcatalog; path = Assets.xcassets; sourceTree = "<group>"; };
		17A2256F1E883C9600FD3982 /* Base */ = {isa = PBXFileReference; lastKnownFileType = file.storyboard; name = Base; path = Base.lproj/LaunchScreen.storyboard; sourceTree = "<group>"; };
		17A225711E883C9700FD3982 /* Info.plist */ = {isa = PBXFileReference; lastKnownFileType = text.plist.xml; path = Info.plist; sourceTree = "<group>"; };
		17A225761E883C9700FD3982 /* testTests.xctest */ = {isa = PBXFileReference; explicitFileType = wrapper.cfbundle; includeInIndex = 0; path = testTests.xctest; sourceTree = BUILT_PRODUCTS_DIR; };
		17A2257A1E883C9700FD3982 /* testTests.swift */ = {isa = PBXFileReference; lastKnownFileType = sourcecode.swift; path = testTests.swift; sourceTree = "<group>"; };
		17A2257C1E883C9700FD3982 /* Info.plist */ = {isa = PBXFileReference; lastKnownFileType = text.plist.xml; path = Info.plist; sourceTree = "<group>"; };
		17A225811E883C9700FD3982 /* testUITests.xctest */ = {isa = PBXFileReference; explicitFileType = wrapper.cfbundle; includeInIndex = 0; path = testUITests.xctest; sourceTree = BUILT_PRODUCTS_DIR; };
		17A225851E883C9700FD3982 /* testUITests.swift */ = {isa = PBXFileReference; lastKnownFileType = sourcecode.swift; path = testUITests.swift; sourceTree = "<group>"; };
		17A225871E883C9700FD3982 /* Info.plist */ = {isa = PBXFileReference; lastKnownFileType = text.plist.xml; path = Info.plist; sourceTree = "<group>"; };
/* End PBXFileReference section */

/* Begin PBXFrameworksBuildPhase section */
		17A225591E883C9600FD3982 /* Frameworks */ = {
			isa = PBXFrameworksBuildPhase;
			buildActionMask = 2147483647;
			files = (
			);
			runOnlyForDeploymentPostprocessing = 0;
		};
		17A225731E883C9700FD3982 /* Frameworks */ = {
			isa = PBXFrameworksBuildPhase;
			buildActionMask = 2147483647;
			files = (
			);
			runOnlyForDeploymentPostprocessing = 0;
		};
		17A2257E1E883C9700FD3982 /* Frameworks */ = {
			isa = PBXFrameworksBuildPhase;
			buildActionMask = 2147483647;
			files = (
			);
			runOnlyForDeploymentPostprocessing = 0;
		};
/* End PBXFrameworksBuildPhase section */

/* Begin PBXGroup section */
		17A225531E883C9600FD3982 = {
			isa = PBXGroup;
			children = (
				17A2255E1E883C9600FD3982 /* test */,
				17A225791E883C9700FD3982 /* testTests */,
				17A225841E883C9700FD3982 /* testUITests */,
				17A2255D1E883C9600FD3982 /* Products */,
			);
			sourceTree = "<group>";
		};
		17A2255D1E883C9600FD3982 /* Products */ = {
			isa = PBXGroup;
			children = (
				17A2255C1E883C9600FD3982 /* test.app */,
				17A225761E883C9700FD3982 /* testTests.xctest */,
				17A225811E883C9700FD3982 /* testUITests.xctest */,
			);
			name = Products;
			sourceTree = "<group>";
		};
		17A2255E1E883C9600FD3982 /* test */ = {
			isa = PBXGroup;
			children = (
				17A2255F1E883C9600FD3982 /* AppDelegate.swift */,
				17A225611E883C9600FD3982 /* GameScene.sks */,
				17A225631E883C9600FD3982 /* Actions.sks */,
				17A225651E883C9600FD3982 /* GameScene.swift */,
				17A225671E883C9600FD3982 /* GameViewController.swift */,
				17A225691E883C9600FD3982 /* Main.storyboard */,
				17A2256C1E883C9600FD3982 /* Assets.xcassets */,
				17A2256E1E883C9600FD3982 /* LaunchScreen.storyboard */,
				17A225711E883C9700FD3982 /* Info.plist */,
			);
			path = test;
			sourceTree = "<group>";
		};
		17A225791E883C9700FD3982 /* testTests */ = {
			isa = PBXGroup;
			children = (
				17A2257A1E883C9700FD3982 /* testTests.swift */,
				17A2257C1E883C9700FD3982 /* Info.plist */,
			);
			path = testTests;
			sourceTree = "<group>";
		};
		17A225841E883C9700FD3982 /* testUITests */ = {
			isa = PBXGroup;
			children = (
				17A225851E883C9700FD3982 /* testUITests.swift */,
				17A225871E883C9700FD3982 /* Info.plist */,
			);
			path = testUITests;
			sourceTree = "<group>";
		};
/* End PBXGroup section */

/* Begin PBXNativeTarget section */
		17A2255B1E883C9600FD3982 /* test */ = {
			isa = PBXNativeTarget;
			buildConfigurationList = 17A2258A1E883C9700FD3982 /* Build configuration list for PBXNativeTarget "test" */;
			buildPhases = (
				17A225581E883C9600FD3982 /* Sources */,
				17A225591E883C9600FD3982 /* Frameworks */,
				17A2255A1E883C9600FD3982 /* Resources */,
			);
			buildRules = (
			);
			dependencies = (
			);
			name = test;
			productName = test;
			productReference = 17A2255C1E883C9600FD3982 /* test.app */;
			productType = "com.apple.product-type.application";
		};
		17A225751E883C9700FD3982 /* testTests */ = {
			isa = PBXNativeTarget;
			buildConfigurationList = 17A2258D1E883C9700FD3982 /* Build configuration list for PBXNativeTarget "testTests" */;
			buildPhases = (
				17A225721E883C9700FD3982 /* Sources */,
				17A225731E883C9700FD3982 /* Frameworks */,
				17A225741E883C9700FD3982 /* Resources */,
			);
			buildRules = (
			);
			dependencies = (
				17A225781E883C9700FD3982 /* PBXTargetDependency */,
			);
			name = testTests;
			productName = testTests;
			productReference = 17A225761E883C9700FD3982 /* testTests.xctest */;
			productType = "com.apple.product-type.bundle.unit-test";
		};
		17A225801E883C9700FD3982 /* testUITests */ = {
			isa = PBXNativeTarget;
			buildConfigurationList = 17A225901E883C9700FD3982 /* Build configuration list for PBXNativeTarget "testUITests" */;
			buildPhases = (
				17A2257D1E883C9700FD3982 /* Sources */,
				17A2257E1E883C9700FD3982 /* Frameworks */,
				17A2257F1E883C9700FD3982 /* Resources */,
			);
			buildRules = (
			);
			dependencies = (
				17A225831E883C9700FD3982 /* PBXTargetDependency */,
			);
			name = testUITests;
			productName = testUITests;
			productReference = 17A225811E883C9700FD3982 /* testUITests.xctest */;
			productType = "com.apple.product-type.bundle.ui-testing";
		};
/* End PBXNativeTarget section */

/* Begin PBXProject section */
		17A225541E883C9600FD3982 /* Project object */ = {
			isa = PBXProject;
			attributes = {
				LastSwiftUpdateCheck = 0820;
				LastUpgradeCheck = 0820;
				ORGANIZATIONNAME = "Tushit Jain";
				TargetAttributes = {
					17A2255B1E883C9600FD3982 = {
						CreatedOnToolsVersion = 8.2.1;
						DevelopmentTeam = T9NN4SW3G4;
						ProvisioningStyle = Automatic;
					};
					17A225751E883C9700FD3982 = {
						CreatedOnToolsVersion = 8.2.1;
						DevelopmentTeam = T9NN4SW3G4;
						ProvisioningStyle = Automatic;
						TestTargetID = 17A2255B1E883C9600FD3982;
					};
					17A225801E883C9700FD3982 = {
						CreatedOnToolsVersion = 8.2.1;
						DevelopmentTeam = T9NN4SW3G4;
						ProvisioningStyle = Automatic;
						TestTargetID = 17A2255B1E883C9600FD3982;
					};
				};
			};
			buildConfigurationList = 17A225571E883C9600FD3982 /* Build configuration list for PBXProject "test" */;
			compatibilityVersion = "Xcode 3.2";
			developmentRegion = English;
			hasScannedForEncodings = 0;
			knownRegions = (
				en,
				Base,
			);
			mainGroup = 17A225531E883C9600FD3982;
			productRefGroup = 17A2255D1E883C9600FD3982 /* Products */;
			projectDirPath = "";
			projectRoot = "";
			targets = (
				17A2255B1E883C9600FD3982 /* test */,
				17A225751E883C9700FD3982 /* testTests */,
				17A225801E883C9700FD3982 /* testUITests */,
			);
		};
/* End PBXProject section */

/* Begin PBXResourcesBuildPhase section */
		17A2255A1E883C9600FD3982 /* Resources */ = {
			isa = PBXResourcesBuildPhase;
			buildActionMask = 2147483647;
			files = (
				17A2256B1E883C9600FD3982 /* Main.storyboard in Resources */,
				17A225621E883C9600FD3982 /* GameScene.sks in Resources */,
				17A2256D1E883C9600FD3982 /* Assets.xcassets in Resources */,
				17A225701E883C9600FD3982 /* LaunchScreen.storyboard in Resources */,
				17A225641E883C9600FD3982 /* Actions.sks in Resources */,
			);
			runOnlyForDeploymentPostprocessing = 0;
		};
		17A225741E883C9700FD3982 /* Resources */ = {
			isa = PBXResourcesBuildPhase;
			buildActionMask = 2147483647;
			files = (
			);
			runOnlyForDeploymentPostprocessing = 0;
		};
		17A2257F1E883C9700FD3982 /* Resources */ = {
			isa = PBXResourcesBuildPhase;
			buildActionMask = 2147483647;
			files = (
			);
			runOnlyForDeploymentPostprocessing = 0;
		};
/* End PBXResourcesBuildPhase section */

/* Begin PBXSourcesBuildPhase section */
		17A225581E883C9600FD3982 /* Sources */ = {
			isa = PBXSourcesBuildPhase;
			buildActionMask = 2147483647;
			files = (
				17A225661E883C9600FD3982 /* GameScene.swift in Sources */,
				17A225681E883C9600FD3982 /* GameViewController.swift in Sources */,
				17A225601E883C9600FD3982 /* AppDelegate.swift in Sources */,
			);
			runOnlyForDeploymentPostprocessing = 0;
		};
		17A225721E883C9700FD3982 /* Sources */ = {
			isa = PBXSourcesBuildPhase;
			buildActionMask = 2147483647;
			files = (
				17A2257B1E883C9700FD3982 /* testTests.swift in Sources */,
			);
			runOnlyForDeploymentPostprocessing = 0;
		};
		17A2257D1E883C9700FD3982 /* Sources */ = {
			isa = PBXSourcesBuildPhase;
			buildActionMask = 2147483647;
			files = (
				17A225861E883C9700FD3982 /* testUITests.swift in Sources */,
			);
			runOnlyForDeploymentPostprocessing = 0;
		};
/* End PBXSourcesBuildPhase section */

/* Begin PBXTargetDependency section */
		17A225781E883C9700FD3982 /* PBXTargetDependency */ = {
			isa = PBXTargetDependency;
			target = 17A2255B1E883C9600FD3982 /* test */;
			targetProxy = 17A225771E883C9700FD3982 /* PBXContainerItemProxy */;
		};
		17A225831E883C9700FD3982 /* PBXTargetDependency */ = {
			isa = PBXTargetDependency;
			target = 17A2255B1E883C9600FD3982 /* test */;
			targetProxy = 17A225821E883C9700FD3982 /* PBXContainerItemProxy */;
		};
/* End PBXTargetDependency section */

/* Begin PBXVariantGroup section */
		17A225691E883C9600FD3982 /* Main.storyboard */ = {
			isa = PBXVariantGroup;
			children = (
				17A2256A1E883C9600FD3982 /* Base */,
			);
			name = Main.storyboard;
			sourceTree = "<group>";
		};
		17A2256E1E883C9600FD3982 /* LaunchScreen.storyboard */ = {
			isa = PBXVariantGroup;
			children = (
				17A2256F1E883C9600FD3982 /* Base */,
			);
			name = LaunchScreen.storyboard;
			sourceTree = "<group>";
		};
/* End PBXVariantGroup section */

/* Begin XCBuildConfiguration section */
		17A225881E883C9700FD3982 /* Debug */ = {
			isa = XCBuildConfiguration;
			buildSettings = {
				ALWAYS_SEARCH_USER_PATHS = NO;
				CLANG_ANALYZER_NONNULL = YES;
				CLANG_CXX_LANGUAGE_STANDARD = "gnu++0x";
				CLANG_CXX_LIBRARY = "libc++";
				CLANG_ENABLE_MODULES = YES;
				CLANG_ENABLE_OBJC_ARC = YES;
				CLANG_WARN_BOOL_CONVERSION = YES;
				CLANG_WARN_CONSTANT_CONVERSION = YES;
				CLANG_WARN_DIRECT_OBJC_ISA_USAGE = YES_ERROR;
				CLANG_WARN_DOCUMENTATION_COMMENTS = YES;
				CLANG_WARN_EMPTY_BODY = YES;
				CLANG_WARN_ENUM_CONVERSION = YES;
				CLANG_WARN_INFINITE_RECURSION = YES;
				CLANG_WARN_INT_CONVERSION = YES;
				CLANG_WARN_OBJC_ROOT_CLASS = YES_ERROR;
				CLANG_WARN_SUSPICIOUS_MOVE = YES;
				CLANG_WARN_UNREACHABLE_CODE = YES;
				CLANG_WARN__DUPLICATE_METHOD_MATCH = YES;
				"CODE_SIGN_IDENTITY[sdk=iphoneos*]" = "iPhone Developer";
				COPY_PHASE_STRIP = NO;
				DEBUG_INFORMATION_FORMAT = dwarf;
				ENABLE_STRICT_OBJC_MSGSEND = YES;
				ENABLE_TESTABILITY = YES;
				GCC_C_LANGUAGE_STANDARD = gnu99;
				GCC_DYNAMIC_NO_PIC = NO;
				GCC_NO_COMMON_BLOCKS = YES;
				GCC_OPTIMIZATION_LEVEL = 0;
				GCC_PREPROCESSOR_DEFINITIONS = (
					"DEBUG=1",
					"$(inherited)",
				);
				GCC_WARN_64_TO_32_BIT_CONVERSION = YES;
				GCC_WARN_ABOUT_RETURN_TYPE = YES_ERROR;
				GCC_WARN_UNDECLARED_SELECTOR = YES;
				GCC_WARN_UNINITIALIZED_AUTOS = YES_AGGRESSIVE;
				GCC_WARN_UNUSED_FUNCTION = YES;
				GCC_WARN_UNUSED_VARIABLE = YES;
				IPHONEOS_DEPLOYMENT_TARGET = 10.2;
				MTL_ENABLE_DEBUG_INFO = YES;
				ONLY_ACTIVE_ARCH = YES;
				SDKROOT = iphoneos;
				SWIFT_ACTIVE_COMPILATION_CONDITIONS = DEBUG;
				SWIFT_OPTIMIZATION_LEVEL = "-Onone";
			};
			name = Debug;
		};
		17A225891E883C9700FD3982 /* Release */ = {
			isa = XCBuildConfiguration;
			buildSettings = {
				ALWAYS_SEARCH_USER_PATHS = NO;
				CLANG_ANALYZER_NONNULL = YES;
				CLANG_CXX_LANGUAGE_STANDARD = "gnu++0x";
				CLANG_CXX_LIBRARY = "libc++";
				CLANG_ENABLE_MODULES = YES;
				CLANG_ENABLE_OBJC_ARC = YES;
				CLANG_WARN_BOOL_CONVERSION = YES;
				CLANG_WARN_CONSTANT_CONVERSION = YES;
				CLANG_WARN_DIRECT_OBJC_ISA_USAGE = YES_ERROR;
				CLANG_WARN_DOCUMENTATION_COMMENTS = YES;
				CLANG_WARN_EMPTY_BODY = YES;
				CLANG_WARN_ENUM_CONVERSION = YES;
				CLANG_WARN_INFINITE_RECURSION = YES;
				CLANG_WARN_INT_CONVERSION = YES;
				CLANG_WARN_OBJC_ROOT_CLASS = YES_ERROR;
				CLANG_WARN_SUSPICIOUS_MOVE = YES;
				CLANG_WARN_UNREACHABLE_CODE = YES;
				CLANG_WARN__DUPLICATE_METHOD_MATCH = YES;
				"CODE_SIGN_IDENTITY[sdk=iphoneos*]" = "iPhone Developer";
				COPY_PHASE_STRIP = NO;
				DEBUG_INFORMATION_FORMAT = "dwarf-with-dsym";
				ENABLE_NS_ASSERTIONS = NO;
				ENABLE_STRICT_OBJC_MSGSEND = YES;
				GCC_C_LANGUAGE_STANDARD = gnu99;
				GCC_NO_COMMON_BLOCKS = YES;
				GCC_WARN_64_TO_32_BIT_CONVERSION = YES;
				GCC_WARN_ABOUT_RETURN_TYPE = YES_ERROR;
				GCC_WARN_UNDECLARED_SELECTOR = YES;
				GCC_WARN_UNINITIALIZED_AUTOS = YES_AGGRESSIVE;
				GCC_WARN_UNUSED_FUNCTION = YES;
				GCC_WARN_UNUSED_VARIABLE = YES;
				IPHONEOS_DEPLOYMENT_TARGET = 10.2;
				MTL_ENABLE_DEBUG_INFO = NO;
				SDKROOT = iphoneos;
				SWIFT_OPTIMIZATION_LEVEL = "-Owholemodule";
				VALIDATE_PRODUCT = YES;
			};
			name = Release;
		};
		17A2258B1E883C9700FD3982 /* Debug */ = {
			isa = XCBuildConfiguration;
			buildSettings = {
				ASSETCATALOG_COMPILER_APPICON_NAME = AppIcon;
				DEVELOPMENT_TEAM = T9NN4SW3G4;
				INFOPLIST_FILE = test/Info.plist;
				LD_RUNPATH_SEARCH_PATHS = "$(inherited) @executable_path/Frameworks";
				PRODUCT_BUNDLE_IDENTIFIER = edu.binghamton.tjain3.test;
				PRODUCT_NAME = "$(TARGET_NAME)";
				SWIFT_VERSION = 3.0;
			};
			name = Debug;
		};
		17A2258C1E883C9700FD3982 /* Release */ = {
			isa = XCBuildConfiguration;
			buildSettings = {
				ASSETCATALOG_COMPILER_APPICON_NAME = AppIcon;
				DEVELOPMENT_TEAM = T9NN4SW3G4;
				INFOPLIST_FILE = test/Info.plist;
				LD_RUNPATH_SEARCH_PATHS = "$(inherited) @executable_path/Frameworks";
				PRODUCT_BUNDLE_IDENTIFIER = edu.binghamton.tjain3.test;
				PRODUCT_NAME = "$(TARGET_NAME)";
				SWIFT_VERSION = 3.0;
			};
			name = Release;
		};
		17A2258E1E883C9700FD3982 /* Debug */ = {
			isa = XCBuildConfiguration;
			buildSettings = {
				ALWAYS_EMBED_SWIFT_STANDARD_LIBRARIES = YES;
				BUNDLE_LOADER = "$(TEST_HOST)";
				DEVELOPMENT_TEAM = T9NN4SW3G4;
				INFOPLIST_FILE = testTests/Info.plist;
				LD_RUNPATH_SEARCH_PATHS = "$(inherited) @executable_path/Frameworks @loader_path/Frameworks";
				PRODUCT_BUNDLE_IDENTIFIER = edu.binghamton.tjain3.testTests;
				PRODUCT_NAME = "$(TARGET_NAME)";
				SWIFT_VERSION = 3.0;
				TEST_HOST = "$(BUILT_PRODUCTS_DIR)/test.app/test";
			};
			name = Debug;
		};
		17A2258F1E883C9700FD3982 /* Release */ = {
			isa = XCBuildConfiguration;
			buildSettings = {
				ALWAYS_EMBED_SWIFT_STANDARD_LIBRARIES = YES;
				BUNDLE_LOADER = "$(TEST_HOST)";
				DEVELOPMENT_TEAM = T9NN4SW3G4;
				INFOPLIST_FILE = testTests/Info.plist;
				LD_RUNPATH_SEARCH_PATHS = "$(inherited) @executable_path/Frameworks @loader_path/Frameworks";
				PRODUCT_BUNDLE_IDENTIFIER = edu.binghamton.tjain3.testTests;
				PRODUCT_NAME = "$(TARGET_NAME)";
				SWIFT_VERSION = 3.0;
				TEST_HOST = "$(BUILT_PRODUCTS_DIR)/test.app/test";
			};
			name = Release;
		};
		17A225911E883C9700FD3982 /* Debug */ = {
			isa = XCBuildConfiguration;
			buildSettings = {
				ALWAYS_EMBED_SWIFT_STANDARD_LIBRARIES = YES;
				DEVELOPMENT_TEAM = T9NN4SW3G4;
				INFOPLIST_FILE = testUITests/Info.plist;
				LD_RUNPATH_SEARCH_PATHS = "$(inherited) @executable_path/Frameworks @loader_path/Frameworks";
				PRODUCT_BUNDLE_IDENTIFIER = edu.binghamton.tjain3.testUITests;
				PRODUCT_NAME = "$(TARGET_NAME)";
				SWIFT_VERSION = 3.0;
				TEST_TARGET_NAME = test;
			};
			name = Debug;
		};
		17A225921E883C9700FD3982 /* Release */ = {
			isa = XCBuildConfiguration;
			buildSettings = {
				ALWAYS_EMBED_SWIFT_STANDARD_LIBRARIES = YES;
				DEVELOPMENT_TEAM = T9NN4SW3G4;
				INFOPLIST_FILE = testUITests/Info.plist;
				LD_RUNPATH_SEARCH_PATHS = "$(inherited) @executable_path/Frameworks @loader_path/Frameworks";
				PRODUCT_BUNDLE_IDENTIFIER = edu.binghamton.tjain3.testUITests;
				PRODUCT_NAME = "$(TARGET_NAME)";
				SWIFT_VERSION = 3.0;
				TEST_TARGET_NAME = test;
			};
			name = Release;
		};
/* End XCBuildConfiguration section */

/* Begin XCConfigurationList section */
		17A225571E883C9600FD3982 /* Build configuration list for PBXProject "test" */ = {
			isa = XCConfigurationList;
			buildConfigurations = (
				17A225881E883C9700FD3982 /* Debug */,
				17A225891E883C9700FD3982 /* Release */,
			);
			defaultConfigurationIsVisible = 0;
			defaultConfigurationName = Release;
		};
		17A2258A1E883C9700FD3982 /* Build configuration list for PBXNativeTarget "test" */ = {
			isa = XCConfigurationList;
			buildConfigurations = (
				17A2258B1E883C9700FD3982 /* Debug */,
				17A2258C1E883C9700FD3982 /* Release */,
			);
			defaultConfigurationIsVisible = 0;
		};
		17A2258D1E883C9700FD3982 /* Build configuration list for PBXNativeTarget "testTests" */ = {
			isa = XCConfigurationList;
			buildConfigurations = (
				17A2258E1E883C9700FD3982 /* Debug */,
				17A2258F1E883C9700FD3982 /* Release */,
			);
			defaultConfigurationIsVisible = 0;
		};
		17A225901E883C9700FD3982 /* Build configuration list for PBXNativeTarget "testUITests" */ = {
			isa = XCConfigurationList;
			buildConfigurations = (
				17A225911E883C9700FD3982 /* Debug */,
				17A225921E883C9700FD3982 /* Release */,
			);
			defaultConfigurationIsVisible = 0;
		};
/* End XCConfigurationList section */
	};
	rootObject = 17A225541E883C9600FD3982 /* Project object */;
}
